// !$*UTF8*$!
{
	archiveVersion = 1;
	classes = {
	};
	objectVersion = 46;
	objects = {

/* Begin PBXBuildFile section */
		7A8E96D11C6C1A9B0072B8AC /* AppDelegate.swift in Sources */ = {isa = PBXBuildFile; fileRef = 7A8E96D01C6C1A9B0072B8AC /* AppDelegate.swift */; };
		7A8E96D31C6C1A9B0072B8AC /* LoginViewController.swift in Sources */ = {isa = PBXBuildFile; fileRef = 7A8E96D21C6C1A9B0072B8AC /* LoginViewController.swift */; };
		7A8E96D61C6C1A9B0072B8AC /* Main.storyboard in Resources */ = {isa = PBXBuildFile; fileRef = 7A8E96D41C6C1A9B0072B8AC /* Main.storyboard */; };
		7A8E96D81C6C1A9B0072B8AC /* Assets.xcassets in Resources */ = {isa = PBXBuildFile; fileRef = 7A8E96D71C6C1A9B0072B8AC /* Assets.xcassets */; };
		7A8E96DB1C6C1A9B0072B8AC /* LaunchScreen.storyboard in Resources */ = {isa = PBXBuildFile; fileRef = 7A8E96D91C6C1A9B0072B8AC /* LaunchScreen.storyboard */; };
		7A8E96E31C6D68770072B8AC /* LocationsOnMapViewController.swift in Sources */ = {isa = PBXBuildFile; fileRef = 7A8E96E21C6D68770072B8AC /* LocationsOnMapViewController.swift */; };
		7A8E96E51C6D68930072B8AC /* LocationsInTableViewController.swift in Sources */ = {isa = PBXBuildFile; fileRef = 7A8E96E41C6D68930072B8AC /* LocationsInTableViewController.swift */; };
		7A8E96EA1C6D6B5E0072B8AC /* TabBarViewController.swift in Sources */ = {isa = PBXBuildFile; fileRef = 7A8E96E91C6D6B5E0072B8AC /* TabBarViewController.swift */; };
		7A8E96EC1C6D81890072B8AC /* StudentInformation.swift in Sources */ = {isa = PBXBuildFile; fileRef = 7A8E96EB1C6D81890072B8AC /* StudentInformation.swift */; };
		7A8E96EE1C6FC1630072B8AC /* Client.swift in Sources */ = {isa = PBXBuildFile; fileRef = 7A8E96ED1C6FC1630072B8AC /* Client.swift */; };
		7ABB8C581C74074B0063E500 /* FBSDKCoreKit.framework in Frameworks */ = {isa = PBXBuildFile; fileRef = 7ABB8C561C74074B0063E500 /* FBSDKCoreKit.framework */; };
		7ABB8C591C74074B0063E500 /* FBSDKLoginKit.framework in Frameworks */ = {isa = PBXBuildFile; fileRef = 7ABB8C571C74074B0063E500 /* FBSDKLoginKit.framework */; };
		7ABB8C5B1C776FA80063E500 /* StudentPosts.swift in Sources */ = {isa = PBXBuildFile; fileRef = 7ABB8C5A1C776FA80063E500 /* StudentPosts.swift */; };
		7ABB8C5D1C77CDEA0063E500 /* PostAnnotation.swift in Sources */ = {isa = PBXBuildFile; fileRef = 7ABB8C5C1C77CDEA0063E500 /* PostAnnotation.swift */; };
		7ABB8C7D1C7828C90063E500 /* PostTableViewCell.swift in Sources */ = {isa = PBXBuildFile; fileRef = 7ABB8C7C1C7828C90063E500 /* PostTableViewCell.swift */; };
/* End PBXBuildFile section */

/* Begin PBXFileReference section */
		7A8E96CD1C6C1A9B0072B8AC /* On the Map.app */ = {isa = PBXFileReference; explicitFileType = wrapper.application; includeInIndex = 0; path = "On the Map.app"; sourceTree = BUILT_PRODUCTS_DIR; };
		7A8E96D01C6C1A9B0072B8AC /* AppDelegate.swift */ = {isa = PBXFileReference; lastKnownFileType = sourcecode.swift; path = AppDelegate.swift; sourceTree = "<group>"; };
		7A8E96D21C6C1A9B0072B8AC /* LoginViewController.swift */ = {isa = PBXFileReference; lastKnownFileType = sourcecode.swift; path = LoginViewController.swift; sourceTree = "<group>"; };
		7A8E96D51C6C1A9B0072B8AC /* Base */ = {isa = PBXFileReference; lastKnownFileType = file.storyboard; name = Base; path = Base.lproj/Main.storyboard; sourceTree = "<group>"; };
		7A8E96D71C6C1A9B0072B8AC /* Assets.xcassets */ = {isa = PBXFileReference; lastKnownFileType = folder.assetcatalog; path = Assets.xcassets; sourceTree = "<group>"; };
		7A8E96DA1C6C1A9B0072B8AC /* Base */ = {isa = PBXFileReference; lastKnownFileType = file.storyboard; name = Base; path = Base.lproj/LaunchScreen.storyboard; sourceTree = "<group>"; };
		7A8E96DC1C6C1A9B0072B8AC /* Info.plist */ = {isa = PBXFileReference; lastKnownFileType = text.plist.xml; path = Info.plist; sourceTree = "<group>"; };
		7A8E96E21C6D68770072B8AC /* LocationsOnMapViewController.swift */ = {isa = PBXFileReference; fileEncoding = 4; lastKnownFileType = sourcecode.swift; path = LocationsOnMapViewController.swift; sourceTree = "<group>"; };
		7A8E96E41C6D68930072B8AC /* LocationsInTableViewController.swift */ = {isa = PBXFileReference; fileEncoding = 4; lastKnownFileType = sourcecode.swift; path = LocationsInTableViewController.swift; sourceTree = "<group>"; };
		7A8E96E91C6D6B5E0072B8AC /* TabBarViewController.swift */ = {isa = PBXFileReference; fileEncoding = 4; lastKnownFileType = sourcecode.swift; path = TabBarViewController.swift; sourceTree = "<group>"; };
		7A8E96EB1C6D81890072B8AC /* StudentInformation.swift */ = {isa = PBXFileReference; fileEncoding = 4; lastKnownFileType = sourcecode.swift; path = StudentInformation.swift; sourceTree = SOURCE_ROOT; };
		7A8E96ED1C6FC1630072B8AC /* Client.swift */ = {isa = PBXFileReference; fileEncoding = 4; lastKnownFileType = sourcecode.swift; path = Client.swift; sourceTree = "<group>"; };
		7ABB8C561C74074B0063E500 /* FBSDKCoreKit.framework */ = {isa = PBXFileReference; lastKnownFileType = wrapper.framework; path = FBSDKCoreKit.framework; sourceTree = "<group>"; };
		7ABB8C571C74074B0063E500 /* FBSDKLoginKit.framework */ = {isa = PBXFileReference; lastKnownFileType = wrapper.framework; path = FBSDKLoginKit.framework; sourceTree = "<group>"; };
		7ABB8C5A1C776FA80063E500 /* StudentPosts.swift */ = {isa = PBXFileReference; fileEncoding = 4; lastKnownFileType = sourcecode.swift; path = StudentPosts.swift; sourceTree = "<group>"; };
		7ABB8C5C1C77CDEA0063E500 /* PostAnnotation.swift */ = {isa = PBXFileReference; fileEncoding = 4; lastKnownFileType = sourcecode.swift; path = PostAnnotation.swift; sourceTree = "<group>"; };
		7ABB8C7C1C7828C90063E500 /* PostTableViewCell.swift */ = {isa = PBXFileReference; fileEncoding = 4; lastKnownFileType = sourcecode.swift; path = PostTableViewCell.swift; sourceTree = "<group>"; };
/* End PBXFileReference section */

/* Begin PBXFrameworksBuildPhase section */
		7A8E96CA1C6C1A9B0072B8AC /* Frameworks */ = {
			isa = PBXFrameworksBuildPhase;
			buildActionMask = 2147483647;
			files = (
				7ABB8C591C74074B0063E500 /* FBSDKLoginKit.framework in Frameworks */,
				7ABB8C581C74074B0063E500 /* FBSDKCoreKit.framework in Frameworks */,
			);
			runOnlyForDeploymentPostprocessing = 0;
		};
/* End PBXFrameworksBuildPhase section */

/* Begin PBXGroup section */
		7A8E96C41C6C1A9B0072B8AC = {
			isa = PBXGroup;
			children = (
				7A8E96CF1C6C1A9B0072B8AC /* On the Map */,
				7A8E96CE1C6C1A9B0072B8AC /* Products */,
			);
			sourceTree = "<group>";
		};
		7A8E96CE1C6C1A9B0072B8AC /* Products */ = {
			isa = PBXGroup;
			children = (
				7A8E96CD1C6C1A9B0072B8AC /* On the Map.app */,
			);
			name = Products;
			sourceTree = "<group>";
		};
		7A8E96CF1C6C1A9B0072B8AC /* On the Map */ = {
			isa = PBXGroup;
			children = (
				7A8E96D41C6C1A9B0072B8AC /* Main.storyboard */,
				7ABB8C7C1C7828C90063E500 /* PostTableViewCell.swift */,
				7A8E96D01C6C1A9B0072B8AC /* AppDelegate.swift */,
				7A8E96E61C6D68A30072B8AC /* Model */,
				7A8E96E71C6D68AA0072B8AC /* View */,
				7A8E96E81C6D68B60072B8AC /* Controllers */,
				7A8E96F31C7205D90072B8AC /* Frameworks */,
				7A8E96D91C6C1A9B0072B8AC /* LaunchScreen.storyboard */,
				7A8E96D71C6C1A9B0072B8AC /* Assets.xcassets */,
				7A8E96DC1C6C1A9B0072B8AC /* Info.plist */,
			);
			path = "On the Map";
			sourceTree = "<group>";
		};
		7A8E96E61C6D68A30072B8AC /* Model */ = {
			isa = PBXGroup;
			children = (
				7A8E96ED1C6FC1630072B8AC /* Client.swift */,
				7ABB8C5A1C776FA80063E500 /* StudentPosts.swift */,
				7A8E96EB1C6D81890072B8AC /* StudentInformation.swift */,
				7ABB8C5C1C77CDEA0063E500 /* PostAnnotation.swift */,
			);
			name = Model;
			sourceTree = "<group>";
		};
		7A8E96E71C6D68AA0072B8AC /* View */ = {
			isa = PBXGroup;
			children = (
			);
			name = View;
			sourceTree = "<group>";
		};
		7A8E96E81C6D68B60072B8AC /* Controllers */ = {
			isa = PBXGroup;
			children = (
				7A8E96D21C6C1A9B0072B8AC /* LoginViewController.swift */,
				7A8E96E91C6D6B5E0072B8AC /* TabBarViewController.swift */,
				7A8E96E41C6D68930072B8AC /* LocationsInTableViewController.swift */,
				7A8E96E21C6D68770072B8AC /* LocationsOnMapViewController.swift */,
			);
			name = Controllers;
			sourceTree = "<group>";
		};
		7A8E96F31C7205D90072B8AC /* Frameworks */ = {
			isa = PBXGroup;
			children = (
				7ABB8C561C74074B0063E500 /* FBSDKCoreKit.framework */,
				7ABB8C571C74074B0063E500 /* FBSDKLoginKit.framework */,
			);
			name = Frameworks;
			sourceTree = "<group>";
		};
/* End PBXGroup section */

/* Begin PBXNativeTarget section */
		7A8E96CC1C6C1A9B0072B8AC /* On the Map */ = {
			isa = PBXNativeTarget;
			buildConfigurationList = 7A8E96DF1C6C1A9B0072B8AC /* Build configuration list for PBXNativeTarget "On the Map" */;
			buildPhases = (
				7A8E96C91C6C1A9B0072B8AC /* Sources */,
				7A8E96CA1C6C1A9B0072B8AC /* Frameworks */,
				7A8E96CB1C6C1A9B0072B8AC /* Resources */,
			);
			buildRules = (
			);
			dependencies = (
			);
			name = "On the Map";
			productName = "On the Map";
			productReference = 7A8E96CD1C6C1A9B0072B8AC /* On the Map.app */;
			productType = "com.apple.product-type.application";
		};
/* End PBXNativeTarget section */

/* Begin PBXProject section */
		7A8E96C51C6C1A9B0072B8AC /* Project object */ = {
			isa = PBXProject;
			attributes = {
				LastSwiftUpdateCheck = 0730;
				LastUpgradeCheck = 0730;
				ORGANIZATIONNAME = MikeMiller;
				TargetAttributes = {
					7A8E96CC1C6C1A9B0072B8AC = {
						CreatedOnToolsVersion = 7.3;
						DevelopmentTeam = GQ4LJ859T2;
					};
				};
			};
			buildConfigurationList = 7A8E96C81C6C1A9B0072B8AC /* Build configuration list for PBXProject "On the Map" */;
			compatibilityVersion = "Xcode 3.2";
			developmentRegion = English;
			hasScannedForEncodings = 0;
			knownRegions = (
				en,
				Base,
			);
			mainGroup = 7A8E96C41C6C1A9B0072B8AC;
			productRefGroup = 7A8E96CE1C6C1A9B0072B8AC /* Products */;
			projectDirPath = "";
			projectRoot = "";
			targets = (
				7A8E96CC1C6C1A9B0072B8AC /* On the Map */,
			);
		};
/* End PBXProject section */

/* Begin PBXResourcesBuildPhase section */
		7A8E96CB1C6C1A9B0072B8AC /* Resources */ = {
			isa = PBXResourcesBuildPhase;
			buildActionMask = 2147483647;
			files = (
				7A8E96DB1C6C1A9B0072B8AC /* LaunchScreen.storyboard in Resources */,
				7A8E96D81C6C1A9B0072B8AC /* Assets.xcassets in Resources */,
				7A8E96D61C6C1A9B0072B8AC /* Main.storyboard in Resources */,
			);
			runOnlyForDeploymentPostprocessing = 0;
		};
/* End PBXResourcesBuildPhase section */

/* Begin PBXSourcesBuildPhase section */
		7A8E96C91C6C1A9B0072B8AC /* Sources */ = {
			isa = PBXSourcesBuildPhase;
			buildActionMask = 2147483647;
			files = (
				7A8E96EC1C6D81890072B8AC /* StudentInformation.swift in Sources */,
				7ABB8C5D1C77CDEA0063E500 /* PostAnnotation.swift in Sources */,
				7A8E96EE1C6FC1630072B8AC /* Client.swift in Sources */,
				7A8E96E31C6D68770072B8AC /* LocationsOnMapViewController.swift in Sources */,
				7A8E96E51C6D68930072B8AC /* LocationsInTableViewController.swift in Sources */,
				7A8E96D31C6C1A9B0072B8AC /* LoginViewController.swift in Sources */,
				7ABB8C5B1C776FA80063E500 /* StudentPosts.swift in Sources */,
				7ABB8C7D1C7828C90063E500 /* PostTableViewCell.swift in Sources */,
				7A8E96EA1C6D6B5E0072B8AC /* TabBarViewController.swift in Sources */,
				7A8E96D11C6C1A9B0072B8AC /* AppDelegate.swift in Sources */,
			);
			runOnlyForDeploymentPostprocessing = 0;
		};
/* End PBXSourcesBuildPhase section */

/* Begin PBXVariantGroup section */
		7A8E96D41C6C1A9B0072B8AC /* Main.storyboard */ = {
			isa = PBXVariantGroup;
			children = (
				7A8E96D51C6C1A9B0072B8AC /* Base */,
			);
			name = Main.storyboard;
			sourceTree = "<group>";
		};
		7A8E96D91C6C1A9B0072B8AC /* LaunchScreen.storyboard */ = {
			isa = PBXVariantGroup;
			children = (
				7A8E96DA1C6C1A9B0072B8AC /* Base */,
			);
			name = LaunchScreen.storyboard;
			sourceTree = "<group>";
		};
/* End PBXVariantGroup section */

/* Begin XCBuildConfiguration section */
		7A8E96DD1C6C1A9B0072B8AC /* Debug */ = {
			isa = XCBuildConfiguration;
			buildSettings = {
				ALWAYS_SEARCH_USER_PATHS = NO;
				CLANG_CXX_LANGUAGE_STANDARD = "gnu++0x";
				CLANG_CXX_LIBRARY = "libc++";
				CLANG_ENABLE_MODULES = YES;
				CLANG_ENABLE_OBJC_ARC = YES;
				CLANG_WARN_BOOL_CONVERSION = YES;
				CLANG_WARN_CONSTANT_CONVERSION = YES;
				CLANG_WARN_DIRECT_OBJC_ISA_USAGE = YES_ERROR;
				CLANG_WARN_EMPTY_BODY = YES;
				CLANG_WARN_ENUM_CONVERSION = YES;
				CLANG_WARN_INT_CONVERSION = YES;
				CLANG_WARN_OBJC_ROOT_CLASS = YES_ERROR;
				CLANG_WARN_UNREACHABLE_CODE = YES;
				CLANG_WARN__DUPLICATE_METHOD_MATCH = YES;
				"CODE_SIGN_IDENTITY[sdk=iphoneos*]" = "iPhone Developer";
				COPY_PHASE_STRIP = NO;
				DEBUG_INFORMATION_FORMAT = dwarf;
				ENABLE_STRICT_OBJC_MSGSEND = YES;
				ENABLE_TESTABILITY = YES;
				GCC_C_LANGUAGE_STANDARD = gnu99;
				GCC_DYNAMIC_NO_PIC = NO;
				GCC_NO_COMMON_BLOCKS = YES;
				GCC_OPTIMIZATION_LEVEL = 0;
				GCC_PREPROCESSOR_DEFINITIONS = (
					"DEBUG=1",
					"$(inherited)",
				);
				GCC_WARN_64_TO_32_BIT_CONVERSION = YES;
				GCC_WARN_ABOUT_RETURN_TYPE = YES_ERROR;
				GCC_WARN_UNDECLARED_SELECTOR = YES;
				GCC_WARN_UNINITIALIZED_AUTOS = YES_AGGRESSIVE;
				GCC_WARN_UNUSED_FUNCTION = YES;
				GCC_WARN_UNUSED_VARIABLE = YES;
				IPHONEOS_DEPLOYMENT_TARGET = 9.3;
				MTL_ENABLE_DEBUG_INFO = YES;
				ONLY_ACTIVE_ARCH = YES;
				SDKROOT = iphoneos;
				SWIFT_OPTIMIZATION_LEVEL = "-Onone";
				TARGETED_DEVICE_FAMILY = "1,2";
			};
			name = Debug;
		};
		7A8E96DE1C6C1A9B0072B8AC /* Release */ = {
			isa = XCBuildConfiguration;
			buildSettings = {
				ALWAYS_SEARCH_USER_PATHS = NO;
				CLANG_CXX_LANGUAGE_STANDARD = "gnu++0x";
				CLANG_CXX_LIBRARY = "libc++";
				CLANG_ENABLE_MODULES = YES;
				CLANG_ENABLE_OBJC_ARC = YES;
				CLANG_WARN_BOOL_CONVERSION = YES;
				CLANG_WARN_CONSTANT_CONVERSION = YES;
				CLANG_WARN_DIRECT_OBJC_ISA_USAGE = YES_ERROR;
				CLANG_WARN_EMPTY_BODY = YES;
				CLANG_WARN_ENUM_CONVERSION = YES;
				CLANG_WARN_INT_CONVERSION = YES;
				CLANG_WARN_OBJC_ROOT_CLASS = YES_ERROR;
				CLANG_WARN_UNREACHABLE_CODE = YES;
				CLANG_WARN__DUPLICATE_METHOD_MATCH = YES;
				"CODE_SIGN_IDENTITY[sdk=iphoneos*]" = "iPhone Developer";
				COPY_PHASE_STRIP = NO;
				DEBUG_INFORMATION_FORMAT = "dwarf-with-dsym";
				ENABLE_NS_ASSERTIONS = NO;
				ENABLE_STRICT_OBJC_MSGSEND = YES;
				GCC_C_LANGUAGE_STANDARD = gnu99;
				GCC_NO_COMMON_BLOCKS = YES;
				GCC_WARN_64_TO_32_BIT_CONVERSION = YES;
				GCC_WARN_ABOUT_RETURN_TYPE = YES_ERROR;
				GCC_WARN_UNDECLARED_SELECTOR = YES;
				GCC_WARN_UNINITIALIZED_AUTOS = YES_AGGRESSIVE;
				GCC_WARN_UNUSED_FUNCTION = YES;
				GCC_WARN_UNUSED_VARIABLE = YES;
				IPHONEOS_DEPLOYMENT_TARGET = 9.3;
				MTL_ENABLE_DEBUG_INFO = NO;
				SDKROOT = iphoneos;
				TARGETED_DEVICE_FAMILY = "1,2";
				VALIDATE_PRODUCT = YES;
			};
			name = Release;
		};
		7A8E96E01C6C1A9B0072B8AC /* Debug */ = {
			isa = XCBuildConfiguration;
			buildSettings = {
				ASSETCATALOG_COMPILER_APPICON_NAME = AppIcon;
				FRAMEWORK_SEARCH_PATHS = (
					"$(inherited)",
					"$(PROJECT_DIR)/On",
					the,
					Map,
				);
				INFOPLIST_FILE = "On the Map/Info.plist";
				IPHONEOS_DEPLOYMENT_TARGET = 9.2;
				LD_RUNPATH_SEARCH_PATHS = "$(inherited) @executable_path/Frameworks";
				PRODUCT_BUNDLE_IDENTIFIER = "com.mikemiller.On-the-Map";
				PRODUCT_NAME = "$(TARGET_NAME)";
			};
			name = Debug;
		};
		7A8E96E11C6C1A9B0072B8AC /* Release */ = {
			isa = XCBuildConfiguration;
			buildSettings = {
				ASSETCATALOG_COMPILER_APPICON_NAME = AppIcon;
				FRAMEWORK_SEARCH_PATHS = (
					"$(inherited)",
					"$(PROJECT_DIR)/On",
					the,
					Map,
				);
				INFOPLIST_FILE = "On the Map/Info.plist";
				IPHONEOS_DEPLOYMENT_TARGET = 9.2;
				LD_RUNPATH_SEARCH_PATHS = "$(inherited) @executable_path/Frameworks";
				PRODUCT_BUNDLE_IDENTIFIER = "com.mikemiller.On-the-Map";
				PRODUCT_NAME = "$(TARGET_NAME)";
			};
			name = Release;
		};
/* End XCBuildConfiguration section */

/* Begin XCConfigurationList section */
		7A8E96C81C6C1A9B0072B8AC /* Build configuration list for PBXProject "On the Map" */ = {
			isa = XCConfigurationList;
			buildConfigurations = (
				7A8E96DD1C6C1A9B0072B8AC /* Debug */,
				7A8E96DE1C6C1A9B0072B8AC /* Release */,
			);
			defaultConfigurationIsVisible = 0;
			defaultConfigurationName = Release;
		};
		7A8E96DF1C6C1A9B0072B8AC /* Build configuration list for PBXNativeTarget "On the Map" */ = {
			isa = XCConfigurationList;
			buildConfigurations = (
				7A8E96E01C6C1A9B0072B8AC /* Debug */,
				7A8E96E11C6C1A9B0072B8AC /* Release */,
			);
			defaultConfigurationIsVisible = 0;
			defaultConfigurationName = Release;
		};
/* End XCConfigurationList section */
	};
	rootObject = 7A8E96C51C6C1A9B0072B8AC /* Project object */;
}
